
Microsoft Visual Studio Solution File, Format Version 12.00
# Visual Studio Version 17
VisualStudioVersion = 17.10.35122.118
MinimumVisualStudioVersion = 10.0.40219.1
Project("{FAE04EC0-301F-11D3-BF4B-00C04F79EFBC}") = "BibliotecaAPI", "BibliotecaAPI.csproj", "{FCB4D09B-61D2-4AB6-887B-C84E740CBFDC}"
EndProject
Global
	GlobalSection(SolutionConfigurationPlatforms) = preSolution
		Debug|Any CPU = Debug|Any CPU
		Release|Any CPU = Release|Any CPU
	EndGlobalSection
	GlobalSection(ProjectConfigurationPlatforms) = postSolution
		{FCB4D09B-61D2-4AB6-887B-C84E740CBFDC}.Debug|Any CPU.ActiveCfg = Debug|Any CPU
		{FCB4D09B-61D2-4AB6-887B-C84E740CBFDC}.Debug|Any CPU.Build.0 = Debug|Any CPU
		{FCB4D09B-61D2-4AB6-887B-C84E740CBFDC}.Release|Any CPU.ActiveCfg = Release|Any CPU
		{FCB4D09B-61D2-4AB6-887B-C84E740CBFDC}.Release|Any CPU.Build.0 = Release|Any CPU
	EndGlobalSection
	GlobalSection(SolutionProperties) = preSolution
		HideSolutionNode = FALSE
	EndGlobalSection
	GlobalSection(ExtensibilityGlobals) = postSolution
		SolutionGuid = {B3229E0A-7166-4A7D-A3C0-53C3CF66CC23}
	EndGlobalSection
EndGlobal
